
Microsoft Visual Studio Solution File, Format Version 12.00
# Visual Studio 15
VisualStudioVersion = 15.0.27130.2010
MinimumVisualStudioVersion = 10.0.40219.1
Project("{FAE04EC0-301F-11D3-BF4B-00C04F79EFBC}") = "ImageClassifier", "ImageClassifier.csproj", "{B2B9A59B-0F0B-4A51-B9F1-C0582C03E47A}"
EndProject
Global
	GlobalSection(SolutionConfigurationPlatforms) = preSolution
		Debug|Any CPU = Debug|Any CPU
		Release|Any CPU = Release|Any CPU
	EndGlobalSection
	GlobalSection(ProjectConfigurationPlatforms) = postSolution
		{B2B9A59B-0F0B-4A51-B9F1-C0582C03E47A}.Debug|Any CPU.ActiveCfg = Debug|Any CPU
		{B2B9A59B-0F0B-4A51-B9F1-C0582C03E47A}.Debug|Any CPU.Build.0 = Debug|Any CPU
		{B2B9A59B-0F0B-4A51-B9F1-C0582C03E47A}.Release|Any CPU.ActiveCfg = Release|Any CPU
		{B2B9A59B-0F0B-4A51-B9F1-C0582C03E47A}.Release|Any CPU.Build.0 = Release|Any CPU
	EndGlobalSection
	GlobalSection(SolutionProperties) = preSolution
		HideSolutionNode = FALSE
	EndGlobalSection
	GlobalSection(ExtensibilityGlobals) = postSolution
		SolutionGuid = {5EE2B74E-FF62-453F-8152-D53C313F29D5}
	EndGlobalSection
EndGlobal
