
Microsoft Visual Studio Solution File, Format Version 12.00
# Visual Studio 15
VisualStudioVersion = 15.0.27130.2010
MinimumVisualStudioVersion = 10.0.40219.1
Project("{FAE04EC0-301F-11D3-BF4B-00C04F79EFBC}") = "ExperimentClient", "ExperimentClient.csproj", "{B1E1C0AE-6F54-474B-921D-26E4308A0B01}"
EndProject
Global
	GlobalSection(SolutionConfigurationPlatforms) = preSolution
		Debug|Any CPU = Debug|Any CPU
		Release|Any CPU = Release|Any CPU
	EndGlobalSection
	GlobalSection(ProjectConfigurationPlatforms) = postSolution
		{B1E1C0AE-6F54-474B-921D-26E4308A0B01}.Debug|Any CPU.ActiveCfg = Debug|Any CPU
		{B1E1C0AE-6F54-474B-921D-26E4308A0B01}.Debug|Any CPU.Build.0 = Debug|Any CPU
		{B1E1C0AE-6F54-474B-921D-26E4308A0B01}.Release|Any CPU.ActiveCfg = Release|Any CPU
		{B1E1C0AE-6F54-474B-921D-26E4308A0B01}.Release|Any CPU.Build.0 = Release|Any CPU
	EndGlobalSection
	GlobalSection(SolutionProperties) = preSolution
		HideSolutionNode = FALSE
	EndGlobalSection
	GlobalSection(ExtensibilityGlobals) = postSolution
		SolutionGuid = {500F16D0-0485-4CC0-A024-5CDA684A93B2}
	EndGlobalSection
EndGlobal
