
Microsoft Visual Studio Solution File, Format Version 12.00
# Visual Studio 15
VisualStudioVersion = 15.0.27130.2010
MinimumVisualStudioVersion = 10.0.40219.1
Project("{FAE04EC0-301F-11D3-BF4B-00C04F79EFBC}") = "SubDataUpload", "SubDataUpload.csproj", "{CFAE6906-86C9-4339-998C-9252B7A11008}"
EndProject
Global
	GlobalSection(SolutionConfigurationPlatforms) = preSolution
		Debug|Any CPU = Debug|Any CPU
		Release|Any CPU = Release|Any CPU
	EndGlobalSection
	GlobalSection(ProjectConfigurationPlatforms) = postSolution
		{CFAE6906-86C9-4339-998C-9252B7A11008}.Debug|Any CPU.ActiveCfg = Debug|Any CPU
		{CFAE6906-86C9-4339-998C-9252B7A11008}.Debug|Any CPU.Build.0 = Debug|Any CPU
		{CFAE6906-86C9-4339-998C-9252B7A11008}.Release|Any CPU.ActiveCfg = Release|Any CPU
		{CFAE6906-86C9-4339-998C-9252B7A11008}.Release|Any CPU.Build.0 = Release|Any CPU
	EndGlobalSection
	GlobalSection(SolutionProperties) = preSolution
		HideSolutionNode = FALSE
	EndGlobalSection
	GlobalSection(ExtensibilityGlobals) = postSolution
		SolutionGuid = {549F977D-05F5-4A2A-BFFF-1FD453514B24}
	EndGlobalSection
EndGlobal
