
Microsoft Visual Studio Solution File, Format Version 12.00
# Visual Studio 15
VisualStudioVersion = 15.0.28307.329
MinimumVisualStudioVersion = 10.0.40219.1
Project("{FAE04EC0-301F-11D3-BF4B-00C04F79EFBC}") = "StorageConsolidation", "StorageConsolidation.csproj", "{6CF55E8C-3627-4703-8EBB-568B6ABA6968}"
EndProject
Global
	GlobalSection(SolutionConfigurationPlatforms) = preSolution
		Debug|Any CPU = Debug|Any CPU
		Release|Any CPU = Release|Any CPU
	EndGlobalSection
	GlobalSection(ProjectConfigurationPlatforms) = postSolution
		{6CF55E8C-3627-4703-8EBB-568B6ABA6968}.Debug|Any CPU.ActiveCfg = Debug|Any CPU
		{6CF55E8C-3627-4703-8EBB-568B6ABA6968}.Debug|Any CPU.Build.0 = Debug|Any CPU
		{6CF55E8C-3627-4703-8EBB-568B6ABA6968}.Release|Any CPU.ActiveCfg = Release|Any CPU
		{6CF55E8C-3627-4703-8EBB-568B6ABA6968}.Release|Any CPU.Build.0 = Release|Any CPU
	EndGlobalSection
	GlobalSection(SolutionProperties) = preSolution
		HideSolutionNode = FALSE
	EndGlobalSection
	GlobalSection(ExtensibilityGlobals) = postSolution
		SolutionGuid = {C333AA38-C16E-47D8-BA42-6F459ED06472}
	EndGlobalSection
EndGlobal
